
Microsoft Visual Studio Solution File, Format Version 12.00
# Visual Studio Version 17
VisualStudioVersion = 17.9.34728.123
MinimumVisualStudioVersion = 10.0.40219.1
Project("{FAE04EC0-301F-11D3-BF4B-00C04F79EFBC}") = "CursoCSharp", "CursoCSharp\CursoCSharp.csproj", "{690DC9E3-22E8-49F0-BAD9-992CE22428FD}"
EndProject
Global
	GlobalSection(SolutionConfigurationPlatforms) = preSolution
		Debug|Any CPU = Debug|Any CPU
		Release|Any CPU = Release|Any CPU
	EndGlobalSection
	GlobalSection(ProjectConfigurationPlatforms) = postSolution
		{690DC9E3-22E8-49F0-BAD9-992CE22428FD}.Debug|Any CPU.ActiveCfg = Debug|Any CPU
		{690DC9E3-22E8-49F0-BAD9-992CE22428FD}.Debug|Any CPU.Build.0 = Debug|Any CPU
		{690DC9E3-22E8-49F0-BAD9-992CE22428FD}.Release|Any CPU.ActiveCfg = Release|Any CPU
		{690DC9E3-22E8-49F0-BAD9-992CE22428FD}.Release|Any CPU.Build.0 = Release|Any CPU
	EndGlobalSection
	GlobalSection(SolutionProperties) = preSolution
		HideSolutionNode = FALSE
	EndGlobalSection
	GlobalSection(ExtensibilityGlobals) = postSolution
		SolutionGuid = {3656EC26-A452-46BA-B6A7-745C11F9127F}
	EndGlobalSection
EndGlobal
